
Microsoft Visual Studio Solution File, Format Version 12.00
# Visual Studio 14
VisualStudioVersion = 14.0.25123.0
MinimumVisualStudioVersion = 10.0.40219.1
Project("{FAE04EC0-301F-11D3-BF4B-00C04F79EFBC}") = "HashingTest", "HashingTest\HashingTest.csproj", "{B540C43C-1061-42A1-9391-0A00BEDD679C}"
EndProject
Global
	GlobalSection(SolutionConfigurationPlatforms) = preSolution
		Debug|Any CPU = Debug|Any CPU
		Release|Any CPU = Release|Any CPU
	EndGlobalSection
	GlobalSection(ProjectConfigurationPlatforms) = postSolution
		{B540C43C-1061-42A1-9391-0A00BEDD679C}.Debug|Any CPU.ActiveCfg = Debug|Any CPU
		{B540C43C-1061-42A1-9391-0A00BEDD679C}.Debug|Any CPU.Build.0 = Debug|Any CPU
		{B540C43C-1061-42A1-9391-0A00BEDD679C}.Release|Any CPU.ActiveCfg = Release|Any CPU
		{B540C43C-1061-42A1-9391-0A00BEDD679C}.Release|Any CPU.Build.0 = Release|Any CPU
	EndGlobalSection
	GlobalSection(SolutionProperties) = preSolution
		HideSolutionNode = FALSE
	EndGlobalSection
EndGlobal
